
Microsoft Visual Studio Solution File, Format Version 12.00
# Visual Studio Version 16
VisualStudioVersion = 16.0.31515.178
MinimumVisualStudioVersion = 10.0.40219.1
Project("{9A19103F-16F7-4668-BE54-9A1E7A4F7556}") = "QB.API", "QB.API\QB.API.csproj", "{90D0C3A6-6678-4FE4-AA07-EA039F18A45B}"
EndProject
Project("{2150E333-8FDC-42A3-9474-1A3956D46DE8}") = "src", "src", "{6C5E1204-C134-4983-B65F-54A908316031}"
EndProject
Project("{2150E333-8FDC-42A3-9474-1A3956D46DE8}") = "Infrastructure", "Infrastructure", "{A6E9CE52-B6D5-4ACF-9660-37FE1F54AED7}"
EndProject
Project("{2150E333-8FDC-42A3-9474-1A3956D46DE8}") = "Core", "Core", "{C118B9A6-AF4F-4940-886B-7C133D82EF04}"
EndProject
Project("{2150E333-8FDC-42A3-9474-1A3956D46DE8}") = "Presentation", "Presentation", "{D37D1736-79CE-4E7C-BFED-7D50B72D7F58}"
EndProject
Project("{9A19103F-16F7-4668-BE54-9A1E7A4F7556}") = "QB.Application", "QB.Application\QB.Application.csproj", "{7D445BE9-872F-4411-AF74-84CE2112EDBB}"
EndProject
Project("{9A19103F-16F7-4668-BE54-9A1E7A4F7556}") = "QB.Domain", "QB.Domain\QB.Domain.csproj", "{C87C2593-1FE7-4E83-A06A-E49BBD20446E}"
EndProject
Project("{9A19103F-16F7-4668-BE54-9A1E7A4F7556}") = "QB.Persistence", "QB.Persistence\QB.Persistence.csproj", "{226C5B15-1812-4582-9F45-CBB0DE72A6FD}"
EndProject
Project("{9A19103F-16F7-4668-BE54-9A1E7A4F7556}") = "QB.Persistence.Sqlite", "QB.Persistence.Sqlite\QB.Persistence.Sqlite.csproj", "{60DA213F-E2EF-4ABA-894B-6DBF1808A8E8}"
EndProject
Project("{2150E333-8FDC-42A3-9474-1A3956D46DE8}") = "Abstractions", "Abstractions", "{1C66B242-A391-4EAF-BC52-72775B962FCF}"
EndProject
Project("{9A19103F-16F7-4668-BE54-9A1E7A4F7556}") = "Persistance.Abstractions", "Persistance.Abstractions\Persistance.Abstractions.csproj", "{2F6DDF24-2268-419E-A93C-009BED9F9148}"
EndProject
Project("{9A19103F-16F7-4668-BE54-9A1E7A4F7556}") = "QB.External.Rest.Service", "QB.External.Rest.Service\QB.External.Rest.Service.csproj", "{0732D8FC-4CD6-4A00-9626-AC57EEC0AD6A}"
EndProject
Project("{9A19103F-16F7-4668-BE54-9A1E7A4F7556}") = "EqualityComparer.Abstractions", "EqualityComparer.Abstractions\EqualityComparer.Abstractions.csproj", "{4A8D345D-258D-4D2A-B42E-70B506AF4FFD}"
EndProject
Project("{2150E333-8FDC-42A3-9474-1A3956D46DE8}") = "tests", "tests", "{76C654B1-954E-4946-8879-49ADBFA3AFD7}"
EndProject
Project("{FAE04EC0-301F-11D3-BF4B-00C04F79EFBC}") = "QB.UnitTests", "QB.UnitTests\QB.UnitTests.csproj", "{44D1EE0B-6508-424E-957E-7E0D4822AA29}"
EndProject
Global
	GlobalSection(SolutionConfigurationPlatforms) = preSolution
		Debug|Any CPU = Debug|Any CPU
		Release|Any CPU = Release|Any CPU
	EndGlobalSection
	GlobalSection(ProjectConfigurationPlatforms) = postSolution
		{90D0C3A6-6678-4FE4-AA07-EA039F18A45B}.Debug|Any CPU.ActiveCfg = Debug|Any CPU
		{90D0C3A6-6678-4FE4-AA07-EA039F18A45B}.Debug|Any CPU.Build.0 = Debug|Any CPU
		{90D0C3A6-6678-4FE4-AA07-EA039F18A45B}.Release|Any CPU.ActiveCfg = Release|Any CPU
		{90D0C3A6-6678-4FE4-AA07-EA039F18A45B}.Release|Any CPU.Build.0 = Release|Any CPU
		{7D445BE9-872F-4411-AF74-84CE2112EDBB}.Debug|Any CPU.ActiveCfg = Debug|Any CPU
		{7D445BE9-872F-4411-AF74-84CE2112EDBB}.Debug|Any CPU.Build.0 = Debug|Any CPU
		{7D445BE9-872F-4411-AF74-84CE2112EDBB}.Release|Any CPU.ActiveCfg = Release|Any CPU
		{7D445BE9-872F-4411-AF74-84CE2112EDBB}.Release|Any CPU.Build.0 = Release|Any CPU
		{C87C2593-1FE7-4E83-A06A-E49BBD20446E}.Debug|Any CPU.ActiveCfg = Debug|Any CPU
		{C87C2593-1FE7-4E83-A06A-E49BBD20446E}.Debug|Any CPU.Build.0 = Debug|Any CPU
		{C87C2593-1FE7-4E83-A06A-E49BBD20446E}.Release|Any CPU.ActiveCfg = Release|Any CPU
		{C87C2593-1FE7-4E83-A06A-E49BBD20446E}.Release|Any CPU.Build.0 = Release|Any CPU
		{226C5B15-1812-4582-9F45-CBB0DE72A6FD}.Debug|Any CPU.ActiveCfg = Debug|Any CPU
		{226C5B15-1812-4582-9F45-CBB0DE72A6FD}.Debug|Any CPU.Build.0 = Debug|Any CPU
		{226C5B15-1812-4582-9F45-CBB0DE72A6FD}.Release|Any CPU.ActiveCfg = Release|Any CPU
		{226C5B15-1812-4582-9F45-CBB0DE72A6FD}.Release|Any CPU.Build.0 = Release|Any CPU
		{60DA213F-E2EF-4ABA-894B-6DBF1808A8E8}.Debug|Any CPU.ActiveCfg = Debug|Any CPU
		{60DA213F-E2EF-4ABA-894B-6DBF1808A8E8}.Debug|Any CPU.Build.0 = Debug|Any CPU
		{60DA213F-E2EF-4ABA-894B-6DBF1808A8E8}.Release|Any CPU.ActiveCfg = Release|Any CPU
		{60DA213F-E2EF-4ABA-894B-6DBF1808A8E8}.Release|Any CPU.Build.0 = Release|Any CPU
		{2F6DDF24-2268-419E-A93C-009BED9F9148}.Debug|Any CPU.ActiveCfg = Debug|Any CPU
		{2F6DDF24-2268-419E-A93C-009BED9F9148}.Debug|Any CPU.Build.0 = Debug|Any CPU
		{2F6DDF24-2268-419E-A93C-009BED9F9148}.Release|Any CPU.ActiveCfg = Release|Any CPU
		{2F6DDF24-2268-419E-A93C-009BED9F9148}.Release|Any CPU.Build.0 = Release|Any CPU
		{0732D8FC-4CD6-4A00-9626-AC57EEC0AD6A}.Debug|Any CPU.ActiveCfg = Debug|Any CPU
		{0732D8FC-4CD6-4A00-9626-AC57EEC0AD6A}.Debug|Any CPU.Build.0 = Debug|Any CPU
		{0732D8FC-4CD6-4A00-9626-AC57EEC0AD6A}.Release|Any CPU.ActiveCfg = Release|Any CPU
		{0732D8FC-4CD6-4A00-9626-AC57EEC0AD6A}.Release|Any CPU.Build.0 = Release|Any CPU
		{4A8D345D-258D-4D2A-B42E-70B506AF4FFD}.Debug|Any CPU.ActiveCfg = Debug|Any CPU
		{4A8D345D-258D-4D2A-B42E-70B506AF4FFD}.Debug|Any CPU.Build.0 = Debug|Any CPU
		{4A8D345D-258D-4D2A-B42E-70B506AF4FFD}.Release|Any CPU.ActiveCfg = Release|Any CPU
		{4A8D345D-258D-4D2A-B42E-70B506AF4FFD}.Release|Any CPU.Build.0 = Release|Any CPU
		{44D1EE0B-6508-424E-957E-7E0D4822AA29}.Debug|Any CPU.ActiveCfg = Debug|Any CPU
		{44D1EE0B-6508-424E-957E-7E0D4822AA29}.Debug|Any CPU.Build.0 = Debug|Any CPU
		{44D1EE0B-6508-424E-957E-7E0D4822AA29}.Release|Any CPU.ActiveCfg = Release|Any CPU
		{44D1EE0B-6508-424E-957E-7E0D4822AA29}.Release|Any CPU.Build.0 = Release|Any CPU
	EndGlobalSection
	GlobalSection(SolutionProperties) = preSolution
		HideSolutionNode = FALSE
	EndGlobalSection
	GlobalSection(NestedProjects) = preSolution
		{90D0C3A6-6678-4FE4-AA07-EA039F18A45B} = {D37D1736-79CE-4E7C-BFED-7D50B72D7F58}
		{A6E9CE52-B6D5-4ACF-9660-37FE1F54AED7} = {6C5E1204-C134-4983-B65F-54A908316031}
		{C118B9A6-AF4F-4940-886B-7C133D82EF04} = {6C5E1204-C134-4983-B65F-54A908316031}
		{D37D1736-79CE-4E7C-BFED-7D50B72D7F58} = {6C5E1204-C134-4983-B65F-54A908316031}
		{7D445BE9-872F-4411-AF74-84CE2112EDBB} = {C118B9A6-AF4F-4940-886B-7C133D82EF04}
		{C87C2593-1FE7-4E83-A06A-E49BBD20446E} = {C118B9A6-AF4F-4940-886B-7C133D82EF04}
		{226C5B15-1812-4582-9F45-CBB0DE72A6FD} = {A6E9CE52-B6D5-4ACF-9660-37FE1F54AED7}
		{60DA213F-E2EF-4ABA-894B-6DBF1808A8E8} = {A6E9CE52-B6D5-4ACF-9660-37FE1F54AED7}
		{1C66B242-A391-4EAF-BC52-72775B962FCF} = {6C5E1204-C134-4983-B65F-54A908316031}
		{2F6DDF24-2268-419E-A93C-009BED9F9148} = {1C66B242-A391-4EAF-BC52-72775B962FCF}
		{0732D8FC-4CD6-4A00-9626-AC57EEC0AD6A} = {A6E9CE52-B6D5-4ACF-9660-37FE1F54AED7}
		{4A8D345D-258D-4D2A-B42E-70B506AF4FFD} = {1C66B242-A391-4EAF-BC52-72775B962FCF}
		{44D1EE0B-6508-424E-957E-7E0D4822AA29} = {76C654B1-954E-4946-8879-49ADBFA3AFD7}
	EndGlobalSection
	GlobalSection(ExtensibilityGlobals) = postSolution
		SolutionGuid = {442AD1C9-5A2A-4C91-8956-0A9C552FD674}
	EndGlobalSection
EndGlobal
